// !$*UTF8*$!
{
	archiveVersion = 1;
	classes = {
	};
	objectVersion = 46;
	objects = {

/* Begin PBXBuildFile section */
		FC9199A41DB9DCF2008E121F /* AppDelegate.swift in Sources */ = {isa = PBXBuildFile; fileRef = FC9199A31DB9DCF2008E121F /* AppDelegate.swift */; };
		FC9199A61DB9DCF2008E121F /* ViewController.swift in Sources */ = {isa = PBXBuildFile; fileRef = FC9199A51DB9DCF2008E121F /* ViewController.swift */; };
		FC9199A91DB9DCF2008E121F /* Main.storyboard in Resources */ = {isa = PBXBuildFile; fileRef = FC9199A71DB9DCF2008E121F /* Main.storyboard */; };
		FC9199AB1DB9DCF2008E121F /* Assets.xcassets in Resources */ = {isa = PBXBuildFile; fileRef = FC9199AA1DB9DCF2008E121F /* Assets.xcassets */; };
		FC9199AE1DB9DCF2008E121F /* LaunchScreen.storyboard in Resources */ = {isa = PBXBuildFile; fileRef = FC9199AC1DB9DCF2008E121F /* LaunchScreen.storyboard */; };
		FC9199B61DB9DE03008E121F /* BaseTableView.swift in Sources */ = {isa = PBXBuildFile; fileRef = FC9199B51DB9DE03008E121F /* BaseTableView.swift */; };
		FC9199B91DB9DF34008E121F /* TableViewCell.swift in Sources */ = {isa = PBXBuildFile; fileRef = FC9199B71DB9DF34008E121F /* TableViewCell.swift */; };
		FC9199BA1DB9DF34008E121F /* TableViewCell.xib in Resources */ = {isa = PBXBuildFile; fileRef = FC9199B81DB9DF34008E121F /* TableViewCell.xib */; };
		FC9199BC1DBA0F24008E121F /* CellItem.swift in Sources */ = {isa = PBXBuildFile; fileRef = FC9199BB1DBA0F24008E121F /* CellItem.swift */; };
		FC9199BE1DBA5250008E121F /* sample_list.plist in Resources */ = {isa = PBXBuildFile; fileRef = FC9199BD1DBA5250008E121F /* sample_list.plist */; };
/* End PBXBuildFile section */

/* Begin PBXFileReference section */
		FC9199A01DB9DCF2008E121F /* TableView.app */ = {isa = PBXFileReference; explicitFileType = wrapper.application; includeInIndex = 0; path = TableView.app; sourceTree = BUILT_PRODUCTS_DIR; };
		FC9199A31DB9DCF2008E121F /* AppDelegate.swift */ = {isa = PBXFileReference; lastKnownFileType = sourcecode.swift; path = AppDelegate.swift; sourceTree = "<group>"; };
		FC9199A51DB9DCF2008E121F /* ViewController.swift */ = {isa = PBXFileReference; lastKnownFileType = sourcecode.swift; path = ViewController.swift; sourceTree = "<group>"; };
		FC9199A81DB9DCF2008E121F /* Base */ = {isa = PBXFileReference; lastKnownFileType = file.storyboard; name = Base; path = Base.lproj/Main.storyboard; sourceTree = "<group>"; };
		FC9199AA1DB9DCF2008E121F /* Assets.xcassets */ = {isa = PBXFileReference; lastKnownFileType = folder.assetcatalog; path = Assets.xcassets; sourceTree = "<group>"; };
		FC9199AD1DB9DCF2008E121F /* Base */ = {isa = PBXFileReference; lastKnownFileType = file.storyboard; name = Base; path = Base.lproj/LaunchScreen.storyboard; sourceTree = "<group>"; };
		FC9199AF1DB9DCF2008E121F /* Info.plist */ = {isa = PBXFileReference; lastKnownFileType = text.plist.xml; path = Info.plist; sourceTree = "<group>"; };
		FC9199B51DB9DE03008E121F /* BaseTableView.swift */ = {isa = PBXFileReference; fileEncoding = 4; lastKnownFileType = sourcecode.swift; path = BaseTableView.swift; sourceTree = "<group>"; };
		FC9199B71DB9DF34008E121F /* TableViewCell.swift */ = {isa = PBXFileReference; fileEncoding = 4; lastKnownFileType = sourcecode.swift; path = TableViewCell.swift; sourceTree = "<group>"; };
		FC9199B81DB9DF34008E121F /* TableViewCell.xib */ = {isa = PBXFileReference; fileEncoding = 4; lastKnownFileType = file.xib; path = TableViewCell.xib; sourceTree = "<group>"; };
		FC9199BB1DBA0F24008E121F /* CellItem.swift */ = {isa = PBXFileReference; fileEncoding = 4; lastKnownFileType = sourcecode.swift; path = CellItem.swift; sourceTree = "<group>"; };
		FC9199BD1DBA5250008E121F /* sample_list.plist */ = {isa = PBXFileReference; fileEncoding = 4; lastKnownFileType = text.plist.xml; path = sample_list.plist; sourceTree = "<group>"; };
/* End PBXFileReference section */

/* Begin PBXFrameworksBuildPhase section */
		FC91999D1DB9DCF1008E121F /* Frameworks */ = {
			isa = PBXFrameworksBuildPhase;
			buildActionMask = 2147483647;
			files = (
			);
			runOnlyForDeploymentPostprocessing = 0;
		};
/* End PBXFrameworksBuildPhase section */

/* Begin PBXGroup section */
		FC9199971DB9DCF1008E121F = {
			isa = PBXGroup;
			children = (
				FC9199A21DB9DCF2008E121F /* TableView */,
				FC9199A11DB9DCF2008E121F /* Products */,
			);
			sourceTree = "<group>";
		};
		FC9199A11DB9DCF2008E121F /* Products */ = {
			isa = PBXGroup;
			children = (
				FC9199A01DB9DCF2008E121F /* TableView.app */,
			);
			name = Products;
			sourceTree = "<group>";
		};
		FC9199A21DB9DCF2008E121F /* TableView */ = {
			isa = PBXGroup;
			children = (
				FC9199A31DB9DCF2008E121F /* AppDelegate.swift */,
				FC9199A51DB9DCF2008E121F /* ViewController.swift */,
				FC9199A71DB9DCF2008E121F /* Main.storyboard */,
				FC9199AA1DB9DCF2008E121F /* Assets.xcassets */,
				FC9199AC1DB9DCF2008E121F /* LaunchScreen.storyboard */,
				FC9199AF1DB9DCF2008E121F /* Info.plist */,
				FC9199BD1DBA5250008E121F /* sample_list.plist */,
				FC9199B51DB9DE03008E121F /* BaseTableView.swift */,
				FC9199B71DB9DF34008E121F /* TableViewCell.swift */,
				FC9199B81DB9DF34008E121F /* TableViewCell.xib */,
				FC9199BB1DBA0F24008E121F /* CellItem.swift */,
			);
			path = TableView;
			sourceTree = "<group>";
		};
/* End PBXGroup section */

/* Begin PBXNativeTarget section */
		FC91999F1DB9DCF1008E121F /* TableView */ = {
			isa = PBXNativeTarget;
			buildConfigurationList = FC9199B21DB9DCF2008E121F /* Build configuration list for PBXNativeTarget "TableView" */;
			buildPhases = (
				FC91999C1DB9DCF1008E121F /* Sources */,
				FC91999D1DB9DCF1008E121F /* Frameworks */,
				FC91999E1DB9DCF1008E121F /* Resources */,
			);
			buildRules = (
			);
			dependencies = (
			);
			name = TableView;
			productName = TableView;
			productReference = FC9199A01DB9DCF2008E121F /* TableView.app */;
			productType = "com.apple.product-type.application";
		};
/* End PBXNativeTarget section */

/* Begin PBXProject section */
		FC9199981DB9DCF1008E121F /* Project object */ = {
			isa = PBXProject;
			attributes = {
				LastSwiftUpdateCheck = 0800;
				LastUpgradeCheck = 0800;
				ORGANIZATIONNAME = "YUMIKO HARAGUCHI";
				TargetAttributes = {
					FC91999F1DB9DCF1008E121F = {
						CreatedOnToolsVersion = 8.0;
						DevelopmentTeam = 76EM3BEH85;
						ProvisioningStyle = Automatic;
					};
				};
			};
			buildConfigurationList = FC91999B1DB9DCF1008E121F /* Build configuration list for PBXProject "TableView" */;
			compatibilityVersion = "Xcode 3.2";
			developmentRegion = English;
			hasScannedForEncodings = 0;
			knownRegions = (
				en,
				Base,
			);
			mainGroup = FC9199971DB9DCF1008E121F;
			productRefGroup = FC9199A11DB9DCF2008E121F /* Products */;
			projectDirPath = "";
			projectRoot = "";
			targets = (
				FC91999F1DB9DCF1008E121F /* TableView */,
			);
		};
/* End PBXProject section */

/* Begin PBXResourcesBuildPhase section */
		FC91999E1DB9DCF1008E121F /* Resources */ = {
			isa = PBXResourcesBuildPhase;
			buildActionMask = 2147483647;
			files = (
				FC9199AE1DB9DCF2008E121F /* LaunchScreen.storyboard in Resources */,
				FC9199BA1DB9DF34008E121F /* TableViewCell.xib in Resources */,
				FC9199AB1DB9DCF2008E121F /* Assets.xcassets in Resources */,
				FC9199A91DB9DCF2008E121F /* Main.storyboard in Resources */,
				FC9199BE1DBA5250008E121F /* sample_list.plist in Resources */,
			);
			runOnlyForDeploymentPostprocessing = 0;
		};
/* End PBXResourcesBuildPhase section */

/* Begin PBXSourcesBuildPhase section */
		FC91999C1DB9DCF1008E121F /* Sources */ = {
			isa = PBXSourcesBuildPhase;
			buildActionMask = 2147483647;
			files = (
				FC9199BC1DBA0F24008E121F /* CellItem.swift in Sources */,
				FC9199A61DB9DCF2008E121F /* ViewController.swift in Sources */,
				FC9199B91DB9DF34008E121F /* TableViewCell.swift in Sources */,
				FC9199B61DB9DE03008E121F /* BaseTableView.swift in Sources */,
				FC9199A41DB9DCF2008E121F /* AppDelegate.swift in Sources */,
			);
			runOnlyForDeploymentPostprocessing = 0;
		};
/* End PBXSourcesBuildPhase section */

/* Begin PBXVariantGroup section */
		FC9199A71DB9DCF2008E121F /* Main.storyboard */ = {
			isa = PBXVariantGroup;
			children = (
				FC9199A81DB9DCF2008E121F /* Base */,
			);
			name = Main.storyboard;
			sourceTree = "<group>";
		};
		FC9199AC1DB9DCF2008E121F /* LaunchScreen.storyboard */ = {
			isa = PBXVariantGroup;
			children = (
				FC9199AD1DB9DCF2008E121F /* Base */,
			);
			name = LaunchScreen.storyboard;
			sourceTree = "<group>";
		};
/* End PBXVariantGroup section */

/* Begin XCBuildConfiguration section */
		FC9199B01DB9DCF2008E121F /* Debug */ = {
			isa = XCBuildConfiguration;
			buildSettings = {
				ALWAYS_SEARCH_USER_PATHS = NO;
				CLANG_ANALYZER_NONNULL = YES;
				CLANG_CXX_LANGUAGE_STANDARD = "gnu++0x";
				CLANG_CXX_LIBRARY = "libc++";
				CLANG_ENABLE_MODULES = YES;
				CLANG_ENABLE_OBJC_ARC = YES;
				CLANG_WARN_BOOL_CONVERSION = YES;
				CLANG_WARN_CONSTANT_CONVERSION = YES;
				CLANG_WARN_DIRECT_OBJC_ISA_USAGE = YES_ERROR;
				CLANG_WARN_DOCUMENTATION_COMMENTS = YES;
				CLANG_WARN_EMPTY_BODY = YES;
				CLANG_WARN_ENUM_CONVERSION = YES;
				CLANG_WARN_INFINITE_RECURSION = YES;
				CLANG_WARN_INT_CONVERSION = YES;
				CLANG_WARN_OBJC_ROOT_CLASS = YES_ERROR;
				CLANG_WARN_SUSPICIOUS_MOVES = YES;
				CLANG_WARN_UNREACHABLE_CODE = YES;
				CLANG_WARN__DUPLICATE_METHOD_MATCH = YES;
				"CODE_SIGN_IDENTITY[sdk=iphoneos*]" = "iPhone Developer";
				COPY_PHASE_STRIP = NO;
				DEBUG_INFORMATION_FORMAT = dwarf;
				ENABLE_STRICT_OBJC_MSGSEND = YES;
				ENABLE_TESTABILITY = YES;
				GCC_C_LANGUAGE_STANDARD = gnu99;
				GCC_DYNAMIC_NO_PIC = NO;
				GCC_NO_COMMON_BLOCKS = YES;
				GCC_OPTIMIZATION_LEVEL = 0;
				GCC_PREPROCESSOR_DEFINITIONS = (
					"DEBUG=1",
					"$(inherited)",
				);
				GCC_WARN_64_TO_32_BIT_CONVERSION = YES;
				GCC_WARN_ABOUT_RETURN_TYPE = YES_ERROR;
				GCC_WARN_UNDECLARED_SELECTOR = YES;
				GCC_WARN_UNINITIALIZED_AUTOS = YES_AGGRESSIVE;
				GCC_WARN_UNUSED_FUNCTION = YES;
				GCC_WARN_UNUSED_VARIABLE = YES;
				IPHONEOS_DEPLOYMENT_TARGET = 10.0;
				MTL_ENABLE_DEBUG_INFO = YES;
				ONLY_ACTIVE_ARCH = YES;
				SDKROOT = iphoneos;
				SWIFT_ACTIVE_COMPILATION_CONDITIONS = DEBUG;
				SWIFT_OPTIMIZATION_LEVEL = "-Onone";
			};
			name = Debug;
		};
		FC9199B11DB9DCF2008E121F /* Release */ = {
			isa = XCBuildConfiguration;
			buildSettings = {
				ALWAYS_SEARCH_USER_PATHS = NO;
				CLANG_ANALYZER_NONNULL = YES;
				CLANG_CXX_LANGUAGE_STANDARD = "gnu++0x";
				CLANG_CXX_LIBRARY = "libc++";
				CLANG_ENABLE_MODULES = YES;
				CLANG_ENABLE_OBJC_ARC = YES;
				CLANG_WARN_BOOL_CONVERSION = YES;
				CLANG_WARN_CONSTANT_CONVERSION = YES;
				CLANG_WARN_DIRECT_OBJC_ISA_USAGE = YES_ERROR;
				CLANG_WARN_DOCUMENTATION_COMMENTS = YES;
				CLANG_WARN_EMPTY_BODY = YES;
				CLANG_WARN_ENUM_CONVERSION = YES;
				CLANG_WARN_INFINITE_RECURSION = YES;
				CLANG_WARN_INT_CONVERSION = YES;
				CLANG_WARN_OBJC_ROOT_CLASS = YES_ERROR;
				CLANG_WARN_SUSPICIOUS_MOVES = YES;
				CLANG_WARN_UNREACHABLE_CODE = YES;
				CLANG_WARN__DUPLICATE_METHOD_MATCH = YES;
				"CODE_SIGN_IDENTITY[sdk=iphoneos*]" = "iPhone Developer";
				COPY_PHASE_STRIP = NO;
				DEBUG_INFORMATION_FORMAT = "dwarf-with-dsym";
				ENABLE_NS_ASSERTIONS = NO;
				ENABLE_STRICT_OBJC_MSGSEND = YES;
				GCC_C_LANGUAGE_STANDARD = gnu99;
				GCC_NO_COMMON_BLOCKS = YES;
				GCC_WARN_64_TO_32_BIT_CONVERSION = YES;
				GCC_WARN_ABOUT_RETURN_TYPE = YES_ERROR;
				GCC_WARN_UNDECLARED_SELECTOR = YES;
				GCC_WARN_UNINITIALIZED_AUTOS = YES_AGGRESSIVE;
				GCC_WARN_UNUSED_FUNCTION = YES;
				GCC_WARN_UNUSED_VARIABLE = YES;
				IPHONEOS_DEPLOYMENT_TARGET = 10.0;
				MTL_ENABLE_DEBUG_INFO = NO;
				SDKROOT = iphoneos;
				SWIFT_OPTIMIZATION_LEVEL = "-Owholemodule";
				VALIDATE_PRODUCT = YES;
			};
			name = Release;
		};
		FC9199B31DB9DCF2008E121F /* Debug */ = {
			isa = XCBuildConfiguration;
			buildSettings = {
				ASSETCATALOG_COMPILER_APPICON_NAME = AppIcon;
				"CODE_SIGN_IDENTITY[sdk=iphoneos*]" = "iPhone Developer";
				DEVELOPMENT_TEAM = 76EM3BEH85;
				INFOPLIST_FILE = TableView/Info.plist;
				IPHONEOS_DEPLOYMENT_TARGET = 8.0;
				LD_RUNPATH_SEARCH_PATHS = "$(inherited) @executable_path/Frameworks";
				PRODUCT_BUNDLE_IDENTIFIER = com.wix.yandsproject.TableView;
				PRODUCT_NAME = "$(TARGET_NAME)";
				SWIFT_VERSION = 3.0;
			};
			name = Debug;
		};
		FC9199B41DB9DCF2008E121F /* Release */ = {
			isa = XCBuildConfiguration;
			buildSettings = {
				ASSETCATALOG_COMPILER_APPICON_NAME = AppIcon;
				"CODE_SIGN_IDENTITY[sdk=iphoneos*]" = "iPhone Developer";
				DEVELOPMENT_TEAM = 76EM3BEH85;
				INFOPLIST_FILE = TableView/Info.plist;
				IPHONEOS_DEPLOYMENT_TARGET = 8.0;
				LD_RUNPATH_SEARCH_PATHS = "$(inherited) @executable_path/Frameworks";
				PRODUCT_BUNDLE_IDENTIFIER = com.wix.yandsproject.TableView;
				PRODUCT_NAME = "$(TARGET_NAME)";
				SWIFT_VERSION = 3.0;
			};
			name = Release;
		};
/* End XCBuildConfiguration section */

/* Begin XCConfigurationList section */
		FC91999B1DB9DCF1008E121F /* Build configuration list for PBXProject "TableView" */ = {
			isa = XCConfigurationList;
			buildConfigurations = (
				FC9199B01DB9DCF2008E121F /* Debug */,
				FC9199B11DB9DCF2008E121F /* Release */,
			);
			defaultConfigurationIsVisible = 0;
			defaultConfigurationName = Release;
		};
		FC9199B21DB9DCF2008E121F /* Build configuration list for PBXNativeTarget "TableView" */ = {
			isa = XCConfigurationList;
			buildConfigurations = (
				FC9199B31DB9DCF2008E121F /* Debug */,
				FC9199B41DB9DCF2008E121F /* Release */,
			);
			defaultConfigurationIsVisible = 0;
			defaultConfigurationName = Release;
		};
/* End XCConfigurationList section */
	};
	rootObject = FC9199981DB9DCF1008E121F /* Project object */;
}
